
Microsoft Visual Studio Solution File, Format Version 12.00
# Visual Studio Version 17
VisualStudioVersion = 17.8.34330.188
MinimumVisualStudioVersion = 10.0.40219.1
Project("{2150E333-8FDC-42A3-9474-1A3956D46DE8}") = "Libraries", "Libraries", "{FFF003E9-8CDD-4644-9C2E-835598720BA5}"
EndProject
Project("{9A19103F-16F7-4668-BE54-9A1E7A4F7556}") = "Orchestration.CertificateManagement", "Libraries\Orchestration.CertificateManagement\Orchestration.CertificateManagement.csproj", "{853D654C-8ACA-47ED-B549-D73000564649}"
EndProject
Project("{9A19103F-16F7-4668-BE54-9A1E7A4F7556}") = "Orchestration.Commands", "Libraries\Orchestration.Commands\Orchestration.Commands.csproj", "{741B4CCF-164D-4BFE-A2AB-36953FE9B67E}"
EndProject
Project("{9A19103F-16F7-4668-BE54-9A1E7A4F7556}") = "Orchestration.DataContext", "Libraries\Orchestration.DataContext\Orchestration.DataContext.csproj", "{A5AA7A63-7AE8-4D0D-8C96-3400E05ABCB6}"
EndProject
Project("{9A19103F-16F7-4668-BE54-9A1E7A4F7556}") = "Orchestration.DeviceGatewayCommunication", "Libraries\Orchestration.DeviceGatewayCommunication\Orchestration.DeviceGatewayCommunication.csproj", "{CA3CEFC2-3741-4E45-A2C9-439DDF9E3986}"
EndProject
Project("{9A19103F-16F7-4668-BE54-9A1E7A4F7556}") = "Orchestration.Exceptions", "Libraries\Orchestration.Exceptions\Orchestration.Exceptions.csproj", "{7A356C98-4EEE-4B69-8B64-12DA64FF349C}"
EndProject
Project("{9A19103F-16F7-4668-BE54-9A1E7A4F7556}") = "Orchestration.Models", "Libraries\Orchestration.Models\Orchestration.Models.csproj", "{0828FE32-6576-4AB4-B435-E4C2B06A9741}"
EndProject
Project("{9A19103F-16F7-4668-BE54-9A1E7A4F7556}") = "Orchestration.Queries", "Libraries\Orchestration.Queries\Orchestration.Queries.csproj", "{346BCABB-E539-46E8-815D-BFEBFD548B67}"
EndProject
Project("{2150E333-8FDC-42A3-9474-1A3956D46DE8}") = "LegacyLibraries", "LegacyLibraries", "{7B7C3020-677D-4539-8EA3-827F1432E004}"
EndProject
Project("{9A19103F-16F7-4668-BE54-9A1E7A4F7556}") = "Utrust360.Crypto", "..\..\Libraries\Utrust360.Crypto\Utrust360.Crypto.csproj", "{17110BFD-28DA-40E1-913F-88D335DCF5A0}"
EndProject
Project("{9A19103F-16F7-4668-BE54-9A1E7A4F7556}") = "Utrust360.CommunicationManager", "..\..\Libraries\Utrust360.CommunicationManager\Utrust360.CommunicationManager.csproj", "{BCA7382E-4A47-45CA-B10B-846BF4050A1B}"
EndProject
Project("{9A19103F-16F7-4668-BE54-9A1E7A4F7556}") = "Utrust360.ViewModels", "..\..\Libraries\Utrust360.ViewModels\Utrust360.ViewModels.csproj", "{EDE90F97-47A8-4378-9C7C-482A3FCB7C36}"
EndProject
Project("{9A19103F-16F7-4668-BE54-9A1E7A4F7556}") = "Utrust360.DAL", "..\..\Libraries\Utrust360.DAL\Utrust360.DAL.csproj", "{9450BDF7-51BA-4FA6-8A51-22C27AAD72FE}"
EndProject
Project("{9A19103F-16F7-4668-BE54-9A1E7A4F7556}") = "Utrust360.Responses", "..\..\Libraries\Utrust360.Responses\Utrust360.Responses.csproj", "{BC77D67E-6C78-4002-B093-269ED734F3F6}"
EndProject
Project("{2150E333-8FDC-42A3-9474-1A3956D46DE8}") = "LegacyProjects", "LegacyProjects", "{66993BE4-3F15-4312-8694-1C13FB1179EF}"
EndProject
Project("{9A19103F-16F7-4668-BE54-9A1E7A4F7556}") = "Administration.Infrastructure", "..\hsm_manager_administration_service\Administration.Infrastructure\Administration.Infrastructure.csproj", "{CDCD0B76-B302-4A76-972C-8067A1F955A9}"
EndProject
Project("{2150E333-8FDC-42A3-9474-1A3956D46DE8}") = "Services", "Services", "{6D3D236F-2BC8-4958-8195-C39A4FB29DD1}"
EndProject
Project("{2150E333-8FDC-42A3-9474-1A3956D46DE8}") = "Orchestration", "Orchestration", "{AAE73885-29F3-4052-9569-AF6BBA520E9B}"
EndProject
Project("{9A19103F-16F7-4668-BE54-9A1E7A4F7556}") = "Orchestration.API", "Orchestration.API\Orchestration.API.csproj", "{F91A9C70-6F3A-45BB-92B0-A8DD7943984C}"
EndProject
Project("{9A19103F-16F7-4668-BE54-9A1E7A4F7556}") = "Orchestration.Domain", "Orchestration.Domain\Orchestration.Domain.csproj", "{528B6142-94D2-42BB-B7F3-63B4A6DE32B5}"
EndProject
Project("{9A19103F-16F7-4668-BE54-9A1E7A4F7556}") = "Orchestration.Infrastructure", "Orchestration.Infrastructure\Orchestration.Infrastructure.csproj", "{8E130F48-9195-42B2-ADB8-A3645C169A8C}"
EndProject
Project("{2150E333-8FDC-42A3-9474-1A3956D46DE8}") = "tests", "tests", "{D482AACB-00FA-40AD-A7B6-61813CD0AA99}"
EndProject
Project("{9A19103F-16F7-4668-BE54-9A1E7A4F7556}") = "Orchestration.UnitTests", "tests\Orchestration.UnitTests\Orchestration.UnitTests.csproj", "{5D2DD53B-D28C-4995-8363-E06AD05844CA}"
EndProject
Project("{9A19103F-16F7-4668-BE54-9A1E7A4F7556}") = "Orchestration.IntegrationTests", "tests\Orchestration.IntegrationTests\Orchestration.IntegrationTests.csproj", "{73CC1B63-5765-4593-8C82-F851776BF6A2}"
EndProject
Project("{9A19103F-16F7-4668-BE54-9A1E7A4F7556}") = "Administration.FunctionalTests", "..\hsm_manager_administration_service\tests\Administration.FunctionalTests\Administration.FunctionalTests.csproj", "{5CF6D1F5-5689-4595-A7D4-E816EA81B47B}"
EndProject
Project("{9A19103F-16F7-4668-BE54-9A1E7A4F7556}") = "Administration.Domain", "..\hsm_manager_administration_service\Administration.Domain\Administration.Domain.csproj", "{89F1CF75-D138-4501-8F89-3D79C3723E31}"
EndProject
Project("{9A19103F-16F7-4668-BE54-9A1E7A4F7556}") = "Administration.API", "..\hsm_manager_administration_service\Administration.API\Administration.API.csproj", "{4F761FD4-96EC-4637-93B9-C3779A39D36A}"
EndProject
Project("{9A19103F-16F7-4668-BE54-9A1E7A4F7556}") = "Utrust360.Middleware", "..\..\Libraries\Utrust360.Middleware\Utrust360.Middleware.csproj", "{9B7DDC58-90CA-432E-B8B4-FD349C07D15E}"
EndProject
Project("{9A19103F-16F7-4668-BE54-9A1E7A4F7556}") = "Utrust360.FileParser", "..\..\Libraries\Utrust360.FileParser\Utrust360.FileParser.csproj", "{45D86BEF-90CD-48FB-86E2-09F73E9FF3B0}"
EndProject
Project("{9A19103F-16F7-4668-BE54-9A1E7A4F7556}") = "Utrust360.Report", "..\..\Libraries\Utrust360.Report\Utrust360.Report.csproj", "{91DF8F97-7E66-4048-A7C9-9FF676339C96}"
EndProject
Project("{FAE04EC0-301F-11D3-BF4B-00C04F79EFBC}") = "Orchestration.Host", "Orchestration.Host\Orchestration.Host.csproj", "{7065D89F-9FC0-4270-8EAF-D4E29D6095D6}"
EndProject
Global
	GlobalSection(SolutionConfigurationPlatforms) = preSolution
		Debug|Any CPU = Debug|Any CPU
		Release|Any CPU = Release|Any CPU
	EndGlobalSection
	GlobalSection(ProjectConfigurationPlatforms) = postSolution
		{853D654C-8ACA-47ED-B549-D73000564649}.Debug|Any CPU.ActiveCfg = Debug|Any CPU
		{853D654C-8ACA-47ED-B549-D73000564649}.Debug|Any CPU.Build.0 = Debug|Any CPU
		{853D654C-8ACA-47ED-B549-D73000564649}.Release|Any CPU.ActiveCfg = Release|Any CPU
		{853D654C-8ACA-47ED-B549-D73000564649}.Release|Any CPU.Build.0 = Release|Any CPU
		{741B4CCF-164D-4BFE-A2AB-36953FE9B67E}.Debug|Any CPU.ActiveCfg = Debug|Any CPU
		{741B4CCF-164D-4BFE-A2AB-36953FE9B67E}.Debug|Any CPU.Build.0 = Debug|Any CPU
		{741B4CCF-164D-4BFE-A2AB-36953FE9B67E}.Release|Any CPU.ActiveCfg = Release|Any CPU
		{741B4CCF-164D-4BFE-A2AB-36953FE9B67E}.Release|Any CPU.Build.0 = Release|Any CPU
		{A5AA7A63-7AE8-4D0D-8C96-3400E05ABCB6}.Debug|Any CPU.ActiveCfg = Debug|Any CPU
		{A5AA7A63-7AE8-4D0D-8C96-3400E05ABCB6}.Debug|Any CPU.Build.0 = Debug|Any CPU
		{A5AA7A63-7AE8-4D0D-8C96-3400E05ABCB6}.Release|Any CPU.ActiveCfg = Release|Any CPU
		{A5AA7A63-7AE8-4D0D-8C96-3400E05ABCB6}.Release|Any CPU.Build.0 = Release|Any CPU
		{CA3CEFC2-3741-4E45-A2C9-439DDF9E3986}.Debug|Any CPU.ActiveCfg = Debug|Any CPU
		{CA3CEFC2-3741-4E45-A2C9-439DDF9E3986}.Debug|Any CPU.Build.0 = Debug|Any CPU
		{CA3CEFC2-3741-4E45-A2C9-439DDF9E3986}.Release|Any CPU.ActiveCfg = Release|Any CPU
		{CA3CEFC2-3741-4E45-A2C9-439DDF9E3986}.Release|Any CPU.Build.0 = Release|Any CPU
		{7A356C98-4EEE-4B69-8B64-12DA64FF349C}.Debug|Any CPU.ActiveCfg = Debug|Any CPU
		{7A356C98-4EEE-4B69-8B64-12DA64FF349C}.Debug|Any CPU.Build.0 = Debug|Any CPU
		{7A356C98-4EEE-4B69-8B64-12DA64FF349C}.Release|Any CPU.ActiveCfg = Release|Any CPU
		{7A356C98-4EEE-4B69-8B64-12DA64FF349C}.Release|Any CPU.Build.0 = Release|Any CPU
		{0828FE32-6576-4AB4-B435-E4C2B06A9741}.Debug|Any CPU.ActiveCfg = Debug|Any CPU
		{0828FE32-6576-4AB4-B435-E4C2B06A9741}.Debug|Any CPU.Build.0 = Debug|Any CPU
		{0828FE32-6576-4AB4-B435-E4C2B06A9741}.Release|Any CPU.ActiveCfg = Release|Any CPU
		{0828FE32-6576-4AB4-B435-E4C2B06A9741}.Release|Any CPU.Build.0 = Release|Any CPU
		{346BCABB-E539-46E8-815D-BFEBFD548B67}.Debug|Any CPU.ActiveCfg = Debug|Any CPU
		{346BCABB-E539-46E8-815D-BFEBFD548B67}.Debug|Any CPU.Build.0 = Debug|Any CPU
		{346BCABB-E539-46E8-815D-BFEBFD548B67}.Release|Any CPU.ActiveCfg = Release|Any CPU
		{346BCABB-E539-46E8-815D-BFEBFD548B67}.Release|Any CPU.Build.0 = Release|Any CPU
		{17110BFD-28DA-40E1-913F-88D335DCF5A0}.Debug|Any CPU.ActiveCfg = Debug|Any CPU
		{17110BFD-28DA-40E1-913F-88D335DCF5A0}.Debug|Any CPU.Build.0 = Debug|Any CPU
		{17110BFD-28DA-40E1-913F-88D335DCF5A0}.Release|Any CPU.ActiveCfg = Release|Any CPU
		{17110BFD-28DA-40E1-913F-88D335DCF5A0}.Release|Any CPU.Build.0 = Release|Any CPU
		{BCA7382E-4A47-45CA-B10B-846BF4050A1B}.Debug|Any CPU.ActiveCfg = Debug|Any CPU
		{BCA7382E-4A47-45CA-B10B-846BF4050A1B}.Debug|Any CPU.Build.0 = Debug|Any CPU
		{BCA7382E-4A47-45CA-B10B-846BF4050A1B}.Release|Any CPU.ActiveCfg = Release|Any CPU
		{BCA7382E-4A47-45CA-B10B-846BF4050A1B}.Release|Any CPU.Build.0 = Release|Any CPU
		{EDE90F97-47A8-4378-9C7C-482A3FCB7C36}.Debug|Any CPU.ActiveCfg = Debug|Any CPU
		{EDE90F97-47A8-4378-9C7C-482A3FCB7C36}.Debug|Any CPU.Build.0 = Debug|Any CPU
		{EDE90F97-47A8-4378-9C7C-482A3FCB7C36}.Release|Any CPU.ActiveCfg = Release|Any CPU
		{EDE90F97-47A8-4378-9C7C-482A3FCB7C36}.Release|Any CPU.Build.0 = Release|Any CPU
		{9450BDF7-51BA-4FA6-8A51-22C27AAD72FE}.Debug|Any CPU.ActiveCfg = Debug|Any CPU
		{9450BDF7-51BA-4FA6-8A51-22C27AAD72FE}.Debug|Any CPU.Build.0 = Debug|Any CPU
		{9450BDF7-51BA-4FA6-8A51-22C27AAD72FE}.Release|Any CPU.ActiveCfg = Release|Any CPU
		{9450BDF7-51BA-4FA6-8A51-22C27AAD72FE}.Release|Any CPU.Build.0 = Release|Any CPU
		{BC77D67E-6C78-4002-B093-269ED734F3F6}.Debug|Any CPU.ActiveCfg = Debug|Any CPU
		{BC77D67E-6C78-4002-B093-269ED734F3F6}.Debug|Any CPU.Build.0 = Debug|Any CPU
		{BC77D67E-6C78-4002-B093-269ED734F3F6}.Release|Any CPU.ActiveCfg = Release|Any CPU
		{BC77D67E-6C78-4002-B093-269ED734F3F6}.Release|Any CPU.Build.0 = Release|Any CPU
		{CDCD0B76-B302-4A76-972C-8067A1F955A9}.Debug|Any CPU.ActiveCfg = Debug|Any CPU
		{CDCD0B76-B302-4A76-972C-8067A1F955A9}.Debug|Any CPU.Build.0 = Debug|Any CPU
		{CDCD0B76-B302-4A76-972C-8067A1F955A9}.Release|Any CPU.ActiveCfg = Release|Any CPU
		{CDCD0B76-B302-4A76-972C-8067A1F955A9}.Release|Any CPU.Build.0 = Release|Any CPU
		{F91A9C70-6F3A-45BB-92B0-A8DD7943984C}.Debug|Any CPU.ActiveCfg = Debug|Any CPU
		{F91A9C70-6F3A-45BB-92B0-A8DD7943984C}.Debug|Any CPU.Build.0 = Debug|Any CPU
		{F91A9C70-6F3A-45BB-92B0-A8DD7943984C}.Release|Any CPU.ActiveCfg = Release|Any CPU
		{F91A9C70-6F3A-45BB-92B0-A8DD7943984C}.Release|Any CPU.Build.0 = Release|Any CPU
		{528B6142-94D2-42BB-B7F3-63B4A6DE32B5}.Debug|Any CPU.ActiveCfg = Debug|Any CPU
		{528B6142-94D2-42BB-B7F3-63B4A6DE32B5}.Debug|Any CPU.Build.0 = Debug|Any CPU
		{528B6142-94D2-42BB-B7F3-63B4A6DE32B5}.Release|Any CPU.ActiveCfg = Release|Any CPU
		{528B6142-94D2-42BB-B7F3-63B4A6DE32B5}.Release|Any CPU.Build.0 = Release|Any CPU
		{8E130F48-9195-42B2-ADB8-A3645C169A8C}.Debug|Any CPU.ActiveCfg = Debug|Any CPU
		{8E130F48-9195-42B2-ADB8-A3645C169A8C}.Debug|Any CPU.Build.0 = Debug|Any CPU
		{8E130F48-9195-42B2-ADB8-A3645C169A8C}.Release|Any CPU.ActiveCfg = Release|Any CPU
		{8E130F48-9195-42B2-ADB8-A3645C169A8C}.Release|Any CPU.Build.0 = Release|Any CPU
		{5D2DD53B-D28C-4995-8363-E06AD05844CA}.Debug|Any CPU.ActiveCfg = Debug|Any CPU
		{5D2DD53B-D28C-4995-8363-E06AD05844CA}.Debug|Any CPU.Build.0 = Debug|Any CPU
		{5D2DD53B-D28C-4995-8363-E06AD05844CA}.Release|Any CPU.ActiveCfg = Release|Any CPU
		{5D2DD53B-D28C-4995-8363-E06AD05844CA}.Release|Any CPU.Build.0 = Release|Any CPU
		{73CC1B63-5765-4593-8C82-F851776BF6A2}.Debug|Any CPU.ActiveCfg = Debug|Any CPU
		{73CC1B63-5765-4593-8C82-F851776BF6A2}.Debug|Any CPU.Build.0 = Debug|Any CPU
		{73CC1B63-5765-4593-8C82-F851776BF6A2}.Release|Any CPU.ActiveCfg = Release|Any CPU
		{73CC1B63-5765-4593-8C82-F851776BF6A2}.Release|Any CPU.Build.0 = Release|Any CPU
		{5CF6D1F5-5689-4595-A7D4-E816EA81B47B}.Debug|Any CPU.ActiveCfg = Debug|Any CPU
		{5CF6D1F5-5689-4595-A7D4-E816EA81B47B}.Debug|Any CPU.Build.0 = Debug|Any CPU
		{5CF6D1F5-5689-4595-A7D4-E816EA81B47B}.Release|Any CPU.ActiveCfg = Release|Any CPU
		{5CF6D1F5-5689-4595-A7D4-E816EA81B47B}.Release|Any CPU.Build.0 = Release|Any CPU
		{89F1CF75-D138-4501-8F89-3D79C3723E31}.Debug|Any CPU.ActiveCfg = Debug|Any CPU
		{89F1CF75-D138-4501-8F89-3D79C3723E31}.Debug|Any CPU.Build.0 = Debug|Any CPU
		{89F1CF75-D138-4501-8F89-3D79C3723E31}.Release|Any CPU.ActiveCfg = Release|Any CPU
		{89F1CF75-D138-4501-8F89-3D79C3723E31}.Release|Any CPU.Build.0 = Release|Any CPU
		{4F761FD4-96EC-4637-93B9-C3779A39D36A}.Debug|Any CPU.ActiveCfg = Debug|Any CPU
		{4F761FD4-96EC-4637-93B9-C3779A39D36A}.Debug|Any CPU.Build.0 = Debug|Any CPU
		{4F761FD4-96EC-4637-93B9-C3779A39D36A}.Release|Any CPU.ActiveCfg = Release|Any CPU
		{4F761FD4-96EC-4637-93B9-C3779A39D36A}.Release|Any CPU.Build.0 = Release|Any CPU
		{9B7DDC58-90CA-432E-B8B4-FD349C07D15E}.Debug|Any CPU.ActiveCfg = Debug|Any CPU
		{9B7DDC58-90CA-432E-B8B4-FD349C07D15E}.Debug|Any CPU.Build.0 = Debug|Any CPU
		{9B7DDC58-90CA-432E-B8B4-FD349C07D15E}.Release|Any CPU.ActiveCfg = Release|Any CPU
		{9B7DDC58-90CA-432E-B8B4-FD349C07D15E}.Release|Any CPU.Build.0 = Release|Any CPU
		{45D86BEF-90CD-48FB-86E2-09F73E9FF3B0}.Debug|Any CPU.ActiveCfg = Debug|Any CPU
		{45D86BEF-90CD-48FB-86E2-09F73E9FF3B0}.Debug|Any CPU.Build.0 = Debug|Any CPU
		{45D86BEF-90CD-48FB-86E2-09F73E9FF3B0}.Release|Any CPU.ActiveCfg = Release|Any CPU
		{45D86BEF-90CD-48FB-86E2-09F73E9FF3B0}.Release|Any CPU.Build.0 = Release|Any CPU
		{91DF8F97-7E66-4048-A7C9-9FF676339C96}.Debug|Any CPU.ActiveCfg = Debug|Any CPU
		{91DF8F97-7E66-4048-A7C9-9FF676339C96}.Debug|Any CPU.Build.0 = Debug|Any CPU
		{91DF8F97-7E66-4048-A7C9-9FF676339C96}.Release|Any CPU.ActiveCfg = Release|Any CPU
		{91DF8F97-7E66-4048-A7C9-9FF676339C96}.Release|Any CPU.Build.0 = Release|Any CPU
		{7065D89F-9FC0-4270-8EAF-D4E29D6095D6}.Debug|Any CPU.ActiveCfg = Debug|Any CPU
		{7065D89F-9FC0-4270-8EAF-D4E29D6095D6}.Debug|Any CPU.Build.0 = Debug|Any CPU
		{7065D89F-9FC0-4270-8EAF-D4E29D6095D6}.Release|Any CPU.ActiveCfg = Release|Any CPU
		{7065D89F-9FC0-4270-8EAF-D4E29D6095D6}.Release|Any CPU.Build.0 = Release|Any CPU
	EndGlobalSection
	GlobalSection(SolutionProperties) = preSolution
		HideSolutionNode = FALSE
	EndGlobalSection
	GlobalSection(NestedProjects) = preSolution
		{853D654C-8ACA-47ED-B549-D73000564649} = {FFF003E9-8CDD-4644-9C2E-835598720BA5}
		{741B4CCF-164D-4BFE-A2AB-36953FE9B67E} = {FFF003E9-8CDD-4644-9C2E-835598720BA5}
		{A5AA7A63-7AE8-4D0D-8C96-3400E05ABCB6} = {FFF003E9-8CDD-4644-9C2E-835598720BA5}
		{CA3CEFC2-3741-4E45-A2C9-439DDF9E3986} = {FFF003E9-8CDD-4644-9C2E-835598720BA5}
		{7A356C98-4EEE-4B69-8B64-12DA64FF349C} = {FFF003E9-8CDD-4644-9C2E-835598720BA5}
		{0828FE32-6576-4AB4-B435-E4C2B06A9741} = {FFF003E9-8CDD-4644-9C2E-835598720BA5}
		{346BCABB-E539-46E8-815D-BFEBFD548B67} = {FFF003E9-8CDD-4644-9C2E-835598720BA5}
		{17110BFD-28DA-40E1-913F-88D335DCF5A0} = {7B7C3020-677D-4539-8EA3-827F1432E004}
		{BCA7382E-4A47-45CA-B10B-846BF4050A1B} = {7B7C3020-677D-4539-8EA3-827F1432E004}
		{EDE90F97-47A8-4378-9C7C-482A3FCB7C36} = {7B7C3020-677D-4539-8EA3-827F1432E004}
		{9450BDF7-51BA-4FA6-8A51-22C27AAD72FE} = {7B7C3020-677D-4539-8EA3-827F1432E004}
		{BC77D67E-6C78-4002-B093-269ED734F3F6} = {7B7C3020-677D-4539-8EA3-827F1432E004}
		{CDCD0B76-B302-4A76-972C-8067A1F955A9} = {66993BE4-3F15-4312-8694-1C13FB1179EF}
		{AAE73885-29F3-4052-9569-AF6BBA520E9B} = {6D3D236F-2BC8-4958-8195-C39A4FB29DD1}
		{F91A9C70-6F3A-45BB-92B0-A8DD7943984C} = {AAE73885-29F3-4052-9569-AF6BBA520E9B}
		{528B6142-94D2-42BB-B7F3-63B4A6DE32B5} = {AAE73885-29F3-4052-9569-AF6BBA520E9B}
		{8E130F48-9195-42B2-ADB8-A3645C169A8C} = {AAE73885-29F3-4052-9569-AF6BBA520E9B}
		{D482AACB-00FA-40AD-A7B6-61813CD0AA99} = {AAE73885-29F3-4052-9569-AF6BBA520E9B}
		{5D2DD53B-D28C-4995-8363-E06AD05844CA} = {D482AACB-00FA-40AD-A7B6-61813CD0AA99}
		{73CC1B63-5765-4593-8C82-F851776BF6A2} = {D482AACB-00FA-40AD-A7B6-61813CD0AA99}
		{5CF6D1F5-5689-4595-A7D4-E816EA81B47B} = {66993BE4-3F15-4312-8694-1C13FB1179EF}
		{89F1CF75-D138-4501-8F89-3D79C3723E31} = {66993BE4-3F15-4312-8694-1C13FB1179EF}
		{4F761FD4-96EC-4637-93B9-C3779A39D36A} = {66993BE4-3F15-4312-8694-1C13FB1179EF}
		{9B7DDC58-90CA-432E-B8B4-FD349C07D15E} = {7B7C3020-677D-4539-8EA3-827F1432E004}
		{45D86BEF-90CD-48FB-86E2-09F73E9FF3B0} = {7B7C3020-677D-4539-8EA3-827F1432E004}
		{91DF8F97-7E66-4048-A7C9-9FF676339C96} = {7B7C3020-677D-4539-8EA3-827F1432E004}
		{7065D89F-9FC0-4270-8EAF-D4E29D6095D6} = {AAE73885-29F3-4052-9569-AF6BBA520E9B}
	EndGlobalSection
	GlobalSection(ExtensibilityGlobals) = postSolution
		SolutionGuid = {FFDCEF7F-C3AB-4D95-892C-F8C326DC0C98}
	EndGlobalSection
EndGlobal
